
Microsoft Visual Studio Solution File, Format Version 12.00
Project("{2150E333-8FDC-42A3-9474-1A3956D46DE8}") = "src", "src", "{F8E4E351-1731-40C8-B257-00A98854FB49}"
EndProject
Project("{FAE04EC0-301F-11D3-BF4B-00C04F79EFBC}") = "PSM.API", "src\PSM.API\PSM.API.csproj", "{37AA0996-3355-4E1E-BBA9-F4A4C25938DB}"
EndProject
Project("{FAE04EC0-301F-11D3-BF4B-00C04F79EFBC}") = "PSM.Infrastructure", "src\PSM.Infrastructure\PSM.Infrastructure.csproj", "{755C1DA1-3C76-4AC6-B003-CE7A02A0D6E6}"
EndProject
Project("{FAE04EC0-301F-11D3-BF4B-00C04F79EFBC}") = "PSM.Core", "src\PSM.Core\PSM.Core.csproj", "{AD3A6D6C-68D2-4B73-ABFB-04342AB1B23A}"
EndProject
Project("{2150E333-8FDC-42A3-9474-1A3956D46DE8}") = "tests", "tests", "{F6CCD0D2-C829-4A11-9DA6-7946966D2E54}"
EndProject
Project("{2150E333-8FDC-42A3-9474-1A3956D46DE8}") = "unitTests", "unitTests", "{2EDE4890-1D4F-4396-BC9F-4F0F35317D7F}"
EndProject
Project("{2150E333-8FDC-42A3-9474-1A3956D46DE8}") = "bddTests", "bddTests", "{FEA81B0D-5B9B-44D0-8FB1-6EEAB8928FCD}"
EndProject
Project("{FAE04EC0-301F-11D3-BF4B-00C04F79EFBC}") = "PSM.API.UnitTests", "tests\unitTests\PSM.API.UnitTests\PSM.API.UnitTests.csproj", "{508AF952-9B78-4C59-84D2-B9E5B09A944A}"
EndProject
Project("{FAE04EC0-301F-11D3-BF4B-00C04F79EFBC}") = "PSM.API.BddTests", "tests\bddTests\PSM.API.BddTests\PSM.API.BddTests.csproj", "{B398B14E-C6F3-48AB-B517-31C12904D75D}"
EndProject
Global
	GlobalSection(SolutionConfigurationPlatforms) = preSolution
		Debug|Any CPU = Debug|Any CPU
		Release|Any CPU = Release|Any CPU
	EndGlobalSection
	GlobalSection(NestedProjects) = preSolution
		{37AA0996-3355-4E1E-BBA9-F4A4C25938DB} = {F8E4E351-1731-40C8-B257-00A98854FB49}
		{755C1DA1-3C76-4AC6-B003-CE7A02A0D6E6} = {F8E4E351-1731-40C8-B257-00A98854FB49}
		{AD3A6D6C-68D2-4B73-ABFB-04342AB1B23A} = {F8E4E351-1731-40C8-B257-00A98854FB49}
		{2EDE4890-1D4F-4396-BC9F-4F0F35317D7F} = {F6CCD0D2-C829-4A11-9DA6-7946966D2E54}
		{FEA81B0D-5B9B-44D0-8FB1-6EEAB8928FCD} = {F6CCD0D2-C829-4A11-9DA6-7946966D2E54}
		{508AF952-9B78-4C59-84D2-B9E5B09A944A} = {2EDE4890-1D4F-4396-BC9F-4F0F35317D7F}
		{B398B14E-C6F3-48AB-B517-31C12904D75D} = {FEA81B0D-5B9B-44D0-8FB1-6EEAB8928FCD}
	EndGlobalSection
	GlobalSection(ProjectConfigurationPlatforms) = postSolution
		{37AA0996-3355-4E1E-BBA9-F4A4C25938DB}.Debug|Any CPU.ActiveCfg = Debug|Any CPU
		{37AA0996-3355-4E1E-BBA9-F4A4C25938DB}.Debug|Any CPU.Build.0 = Debug|Any CPU
		{37AA0996-3355-4E1E-BBA9-F4A4C25938DB}.Release|Any CPU.ActiveCfg = Release|Any CPU
		{37AA0996-3355-4E1E-BBA9-F4A4C25938DB}.Release|Any CPU.Build.0 = Release|Any CPU
		{755C1DA1-3C76-4AC6-B003-CE7A02A0D6E6}.Debug|Any CPU.ActiveCfg = Debug|Any CPU
		{755C1DA1-3C76-4AC6-B003-CE7A02A0D6E6}.Debug|Any CPU.Build.0 = Debug|Any CPU
		{755C1DA1-3C76-4AC6-B003-CE7A02A0D6E6}.Release|Any CPU.ActiveCfg = Release|Any CPU
		{755C1DA1-3C76-4AC6-B003-CE7A02A0D6E6}.Release|Any CPU.Build.0 = Release|Any CPU
		{AD3A6D6C-68D2-4B73-ABFB-04342AB1B23A}.Debug|Any CPU.ActiveCfg = Debug|Any CPU
		{AD3A6D6C-68D2-4B73-ABFB-04342AB1B23A}.Debug|Any CPU.Build.0 = Debug|Any CPU
		{AD3A6D6C-68D2-4B73-ABFB-04342AB1B23A}.Release|Any CPU.ActiveCfg = Release|Any CPU
		{AD3A6D6C-68D2-4B73-ABFB-04342AB1B23A}.Release|Any CPU.Build.0 = Release|Any CPU
		{508AF952-9B78-4C59-84D2-B9E5B09A944A}.Debug|Any CPU.ActiveCfg = Debug|Any CPU
		{508AF952-9B78-4C59-84D2-B9E5B09A944A}.Debug|Any CPU.Build.0 = Debug|Any CPU
		{508AF952-9B78-4C59-84D2-B9E5B09A944A}.Release|Any CPU.ActiveCfg = Release|Any CPU
		{508AF952-9B78-4C59-84D2-B9E5B09A944A}.Release|Any CPU.Build.0 = Release|Any CPU
		{B398B14E-C6F3-48AB-B517-31C12904D75D}.Debug|Any CPU.ActiveCfg = Debug|Any CPU
		{B398B14E-C6F3-48AB-B517-31C12904D75D}.Debug|Any CPU.Build.0 = Debug|Any CPU
		{B398B14E-C6F3-48AB-B517-31C12904D75D}.Release|Any CPU.ActiveCfg = Release|Any CPU
		{B398B14E-C6F3-48AB-B517-31C12904D75D}.Release|Any CPU.Build.0 = Release|Any CPU
	EndGlobalSection
EndGlobal
